{
  "name": "j1toolkit-miniprogram",
  "version": "1.0.0",
  "lockfileVersion": 3,
  "requires": true,
  "packages": {
    "": {
      "name": "j1toolkit-miniprogram",
      "version": "1.0.0",
      "dependencies": {
        "tdesign-miniprogram": "^1.15.3"
      }
    },
    "node_modules/tdesign-miniprogram": {
      "version": "1.15.3",
      "resolved": "https://registry.npmjs.org/tdesign-miniprogram/-/tdesign-miniprogram-1.15.3.tgz",
      "integrity": "sha512-EtWrODktAHzHXqaTw2iahBx90EDWa/evtTh9wUOCPDAYEJKpLkjupCGqdRneup16x7s95N3LF0OUbITanm5lCw==",
      "license": "MIT"
    }
  }
}
